Microsoft Visual Studio Solution File, Format Version 12.00
# Visual Studio Version 17
VisualStudioVersion = 17.5.2.0
MinimumVisualStudioVersion = 10.0.40219.1
Project("{2150E333-8FDC-42A3-9474-1A3956D46DE8}") = "src", "src", "{827E0CD3-B72D-47B6-A68D-7590B98EB39B}"
EndProject
Project("{2150E333-8FDC-42A3-9474-1A3956D46DE8}") = "GenAIDBExplorer", "GenAIDBExplorer", "{F4BA7EDD-9CB1-8BDB-BBE9-E6D1BB9A4541}"
EndProject
Project("{FAE04EC0-301F-11D3-BF4B-00C04F79EFBC}") = "GenAIDBExplorer.Console", "src\GenAIDBExplorer\GenAIDBExplorer.Console\GenAIDBExplorer.Console.csproj", "{8CA04D12-820E-89C6-C0E0-962E06ACCA2F}"
EndProject
Project("{FAE04EC0-301F-11D3-BF4B-00C04F79EFBC}") = "GenAIDBExplorer.Core", "src\GenAIDBExplorer\GenAIDBExplorer.Core\GenAIDBExplorer.Core.csproj", "{93CCF882-1DE6-497F-899E-313CB2A6B898}"
EndProject
Project("{2150E333-8FDC-42A3-9474-1A3956D46DE8}") = "Tests", "Tests", "{8E55BB0F-B9D8-4936-D2B6-39DDB34A7AA5}"
EndProject
Project("{2150E333-8FDC-42A3-9474-1A3956D46DE8}") = "Unit", "Unit", "{BA34BD5F-174B-9CA8-5B8C-E1F69B44D3B4}"
EndProject
Project("{FAE04EC0-301F-11D3-BF4B-00C04F79EFBC}") = "GenAIDBExplorer.Console.Test", "src\GenAIDBExplorer\Tests\Unit\GenAIDBExplorer.Console.Test\GenAIDBExplorer.Console.Test.csproj", "{4A19BD88-79BE-4FFB-A590-E0B632BEADF2}"
EndProject
Project("{FAE04EC0-301F-11D3-BF4B-00C04F79EFBC}") = "GenAIDBExplorer.Core.Test", "src\GenAIDBExplorer\Tests\Unit\GenAIDBExplorer.Core.Test\GenAIDBExplorer.Core.Test.csproj", "{BB87A67F-ED94-0C9A-8D3E-E85907CA7739}"
EndProject
Global
	GlobalSection(SolutionConfigurationPlatforms) = preSolution
		Debug|Any CPU = Debug|Any CPU
		Release|Any CPU = Release|Any CPU
	EndGlobalSection
	GlobalSection(ProjectConfigurationPlatforms) = postSolution
		{8CA04D12-820E-89C6-C0E0-962E06ACCA2F}.Debug|Any CPU.ActiveCfg = Debug|Any CPU
		{8CA04D12-820E-89C6-C0E0-962E06ACCA2F}.Debug|Any CPU.Build.0 = Debug|Any CPU
		{8CA04D12-820E-89C6-C0E0-962E06ACCA2F}.Release|Any CPU.ActiveCfg = Release|Any CPU
		{8CA04D12-820E-89C6-C0E0-962E06ACCA2F}.Release|Any CPU.Build.0 = Release|Any CPU
		{93CCF882-1DE6-497F-899E-313CB2A6B898}.Debug|Any CPU.ActiveCfg = Debug|Any CPU
		{93CCF882-1DE6-497F-899E-313CB2A6B898}.Debug|Any CPU.Build.0 = Debug|Any CPU
		{93CCF882-1DE6-497F-899E-313CB2A6B898}.Release|Any CPU.ActiveCfg = Release|Any CPU
		{93CCF882-1DE6-497F-899E-313CB2A6B898}.Release|Any CPU.Build.0 = Release|Any CPU
		{4A19BD88-79BE-4FFB-A590-E0B632BEADF2}.Debug|Any CPU.ActiveCfg = Debug|Any CPU
		{4A19BD88-79BE-4FFB-A590-E0B632BEADF2}.Debug|Any CPU.Build.0 = Debug|Any CPU
		{4A19BD88-79BE-4FFB-A590-E0B632BEADF2}.Release|Any CPU.ActiveCfg = Release|Any CPU
		{4A19BD88-79BE-4FFB-A590-E0B632BEADF2}.Release|Any CPU.Build.0 = Release|Any CPU
		{BB87A67F-ED94-0C9A-8D3E-E85907CA7739}.Debug|Any CPU.ActiveCfg = Debug|Any CPU
		{BB87A67F-ED94-0C9A-8D3E-E85907CA7739}.Debug|Any CPU.Build.0 = Debug|Any CPU
		{BB87A67F-ED94-0C9A-8D3E-E85907CA7739}.Release|Any CPU.ActiveCfg = Release|Any CPU
		{BB87A67F-ED94-0C9A-8D3E-E85907CA7739}.Release|Any CPU.Build.0 = Release|Any CPU
	EndGlobalSection
	GlobalSection(SolutionProperties) = preSolution
		HideSolutionNode = FALSE
	EndGlobalSection
	GlobalSection(NestedProjects) = preSolution
		{F4BA7EDD-9CB1-8BDB-BBE9-E6D1BB9A4541} = {827E0CD3-B72D-47B6-A68D-7590B98EB39B}
		{8CA04D12-820E-89C6-C0E0-962E06ACCA2F} = {F4BA7EDD-9CB1-8BDB-BBE9-E6D1BB9A4541}
		{93CCF882-1DE6-497F-899E-313CB2A6B898} = {F4BA7EDD-9CB1-8BDB-BBE9-E6D1BB9A4541}
		{8E55BB0F-B9D8-4936-D2B6-39DDB34A7AA5} = {F4BA7EDD-9CB1-8BDB-BBE9-E6D1BB9A4541}
		{BA34BD5F-174B-9CA8-5B8C-E1F69B44D3B4} = {8E55BB0F-B9D8-4936-D2B6-39DDB34A7AA5}
		{4A19BD88-79BE-4FFB-A590-E0B632BEADF2} = {BA34BD5F-174B-9CA8-5B8C-E1F69B44D3B4}
		{BB87A67F-ED94-0C9A-8D3E-E85907CA7739} = {BA34BD5F-174B-9CA8-5B8C-E1F69B44D3B4}
	EndGlobalSection
	GlobalSection(ExtensibilityGlobals) = postSolution
		SolutionGuid = {BEEB6C90-ED88-450D-A556-E22407377DBF}
	EndGlobalSection
EndGlobal
